
Microsoft Visual Studio Solution File, Format Version 12.00
# Visual Studio Version 16
VisualStudioVersion = 16.0.29926.136
MinimumVisualStudioVersion = 10.0.40219.1
Project("{9A19103F-16F7-4668-BE54-9A1E7A4F7556}") = "MindBox", "MindBox\MindBox.csproj", "{9CB68336-BA22-4A01-BC5F-95332479B7C4}"
EndProject
Project("{9A19103F-16F7-4668-BE54-9A1E7A4F7556}") = "Area", "CircleArea\Area.csproj", "{BFBA1BBF-39D1-45CF-B15A-7E8B6BAE59C9}"
EndProject
Global
	GlobalSection(SolutionConfigurationPlatforms) = preSolution
		Debug|Any CPU = Debug|Any CPU
		Release|Any CPU = Release|Any CPU
	EndGlobalSection
	GlobalSection(ProjectConfigurationPlatforms) = postSolution
		{9CB68336-BA22-4A01-BC5F-95332479B7C4}.Debug|Any CPU.ActiveCfg = Debug|Any CPU
		{9CB68336-BA22-4A01-BC5F-95332479B7C4}.Debug|Any CPU.Build.0 = Debug|Any CPU
		{9CB68336-BA22-4A01-BC5F-95332479B7C4}.Release|Any CPU.ActiveCfg = Release|Any CPU
		{9CB68336-BA22-4A01-BC5F-95332479B7C4}.Release|Any CPU.Build.0 = Release|Any CPU
		{BFBA1BBF-39D1-45CF-B15A-7E8B6BAE59C9}.Debug|Any CPU.ActiveCfg = Debug|Any CPU
		{BFBA1BBF-39D1-45CF-B15A-7E8B6BAE59C9}.Debug|Any CPU.Build.0 = Debug|Any CPU
		{BFBA1BBF-39D1-45CF-B15A-7E8B6BAE59C9}.Release|Any CPU.ActiveCfg = Release|Any CPU
		{BFBA1BBF-39D1-45CF-B15A-7E8B6BAE59C9}.Release|Any CPU.Build.0 = Release|Any CPU
	EndGlobalSection
	GlobalSection(SolutionProperties) = preSolution
		HideSolutionNode = FALSE
	EndGlobalSection
	GlobalSection(ExtensibilityGlobals) = postSolution
		SolutionGuid = {53032F72-7D5C-40AE-8209-0932DC25A26B}
	EndGlobalSection
EndGlobal
